
Microsoft Visual Studio Solution File, Format Version 12.00
# Visual Studio Version 17
VisualStudioVersion = 17.5.002.0
MinimumVisualStudioVersion = 10.0.40219.1
Project("{9A19103F-16F7-4668-BE54-9A1E7A4F7556}") = "Vyntra", "Vyntra.csproj", "{BEB9131C-9123-4D06-A205-7736942DD96F}"
EndProject
Global
	GlobalSection(SolutionConfigurationPlatforms) = preSolution
		Debug|Any CPU = Debug|Any CPU
		Release|Any CPU = Release|Any CPU
	EndGlobalSection
	GlobalSection(ProjectConfigurationPlatforms) = postSolution
		{BEB9131C-9123-4D06-A205-7736942DD96F}.Debug|Any CPU.ActiveCfg = Debug|Any CPU
		{BEB9131C-9123-4D06-A205-7736942DD96F}.Debug|Any CPU.Build.0 = Debug|Any CPU
		{BEB9131C-9123-4D06-A205-7736942DD96F}.Release|Any CPU.ActiveCfg = Release|Any CPU
		{BEB9131C-9123-4D06-A205-7736942DD96F}.Release|Any CPU.Build.0 = Release|Any CPU
	EndGlobalSection
	GlobalSection(SolutionProperties) = preSolution
		HideSolutionNode = FALSE
	EndGlobalSection
	GlobalSection(ExtensibilityGlobals) = postSolution
		SolutionGuid = {C35BF77F-8AAE-49A3-91CB-E153918E8CA8}
	EndGlobalSection
EndGlobal
